// !$*UTF8*$!
{
	archiveVersion = 1;
	classes = {
	};
	objectVersion = 50;
	objects = {

/* Begin PBXBuildFile section */
		9F1629B225EB3A160031C2A3 /* AppDelegate.swift in Sources */ = {isa = PBXBuildFile; fileRef = 9F1629B125EB3A160031C2A3 /* AppDelegate.swift */; };
		9F1629B425EB3A160031C2A3 /* SceneDelegate.swift in Sources */ = {isa = PBXBuildFile; fileRef = 9F1629B325EB3A160031C2A3 /* SceneDelegate.swift */; };
		9F1629B625EB3A160031C2A3 /* ContentView.swift in Sources */ = {isa = PBXBuildFile; fileRef = 9F1629B525EB3A160031C2A3 /* ContentView.swift */; };
		9F1629B825EB3A170031C2A3 /* Assets.xcassets in Resources */ = {isa = PBXBuildFile; fileRef = 9F1629B725EB3A170031C2A3 /* Assets.xcassets */; };
		9F1629BB25EB3A170031C2A3 /* Preview Assets.xcassets in Resources */ = {isa = PBXBuildFile; fileRef = 9F1629BA25EB3A170031C2A3 /* Preview Assets.xcassets */; };
		9F1629BE25EB3A170031C2A3 /* LaunchScreen.storyboard in Resources */ = {isa = PBXBuildFile; fileRef = 9F1629BC25EB3A170031C2A3 /* LaunchScreen.storyboard */; };
		9F1629C825EB47FD0031C2A3 /* NetworkManager.swift in Sources */ = {isa = PBXBuildFile; fileRef = 9F1629C725EB47FD0031C2A3 /* NetworkManager.swift */; };
		9F1629CC25EB49770031C2A3 /* PostData.swift in Sources */ = {isa = PBXBuildFile; fileRef = 9F1629CB25EB49770031C2A3 /* PostData.swift */; };
		9F6E841F25EB6074006D11E0 /* DetailView.swift in Sources */ = {isa = PBXBuildFile; fileRef = 9F6E841E25EB6074006D11E0 /* DetailView.swift */; };
		9F6E842225EB667D006D11E0 /* WebView.swift in Sources */ = {isa = PBXBuildFile; fileRef = 9F6E842125EB667D006D11E0 /* WebView.swift */; };
/* End PBXBuildFile section */

/* Begin PBXFileReference section */
		9F1629AE25EB3A160031C2A3 /* Hacker News.app */ = {isa = PBXFileReference; explicitFileType = wrapper.application; includeInIndex = 0; path = "Hacker News.app"; sourceTree = BUILT_PRODUCTS_DIR; };
		9F1629B125EB3A160031C2A3 /* AppDelegate.swift */ = {isa = PBXFileReference; lastKnownFileType = sourcecode.swift; path = AppDelegate.swift; sourceTree = "<group>"; };
		9F1629B325EB3A160031C2A3 /* SceneDelegate.swift */ = {isa = PBXFileReference; lastKnownFileType = sourcecode.swift; path = SceneDelegate.swift; sourceTree = "<group>"; };
		9F1629B525EB3A160031C2A3 /* ContentView.swift */ = {isa = PBXFileReference; lastKnownFileType = sourcecode.swift; path = ContentView.swift; sourceTree = "<group>"; };
		9F1629B725EB3A170031C2A3 /* Assets.xcassets */ = {isa = PBXFileReference; lastKnownFileType = folder.assetcatalog; path = Assets.xcassets; sourceTree = "<group>"; };
		9F1629BA25EB3A170031C2A3 /* Preview Assets.xcassets */ = {isa = PBXFileReference; lastKnownFileType = folder.assetcatalog; path = "Preview Assets.xcassets"; sourceTree = "<group>"; };
		9F1629BD25EB3A170031C2A3 /* Base */ = {isa = PBXFileReference; lastKnownFileType = file.storyboard; name = Base; path = Base.lproj/LaunchScreen.storyboard; sourceTree = "<group>"; };
		9F1629BF25EB3A170031C2A3 /* Info.plist */ = {isa = PBXFileReference; lastKnownFileType = text.plist.xml; path = Info.plist; sourceTree = "<group>"; };
		9F1629C725EB47FD0031C2A3 /* NetworkManager.swift */ = {isa = PBXFileReference; lastKnownFileType = sourcecode.swift; path = NetworkManager.swift; sourceTree = "<group>"; };
		9F1629CB25EB49770031C2A3 /* PostData.swift */ = {isa = PBXFileReference; lastKnownFileType = sourcecode.swift; path = PostData.swift; sourceTree = "<group>"; };
		9F6E841E25EB6074006D11E0 /* DetailView.swift */ = {isa = PBXFileReference; lastKnownFileType = sourcecode.swift; path = DetailView.swift; sourceTree = "<group>"; };
		9F6E842125EB667D006D11E0 /* WebView.swift */ = {isa = PBXFileReference; lastKnownFileType = sourcecode.swift; path = WebView.swift; sourceTree = "<group>"; };
/* End PBXFileReference section */

/* Begin PBXFrameworksBuildPhase section */
		9F1629AB25EB3A160031C2A3 /* Frameworks */ = {
			isa = PBXFrameworksBuildPhase;
			buildActionMask = 2147483647;
			files = (
			);
			runOnlyForDeploymentPostprocessing = 0;
		};
/* End PBXFrameworksBuildPhase section */

/* Begin PBXGroup section */
		9F1629A525EB3A160031C2A3 = {
			isa = PBXGroup;
			children = (
				9F1629B025EB3A160031C2A3 /* Hacker News */,
				9F1629AF25EB3A160031C2A3 /* Products */,
			);
			sourceTree = "<group>";
		};
		9F1629AF25EB3A160031C2A3 /* Products */ = {
			isa = PBXGroup;
			children = (
				9F1629AE25EB3A160031C2A3 /* Hacker News.app */,
			);
			name = Products;
			sourceTree = "<group>";
		};
		9F1629B025EB3A160031C2A3 /* Hacker News */ = {
			isa = PBXGroup;
			children = (
				9F1629B125EB3A160031C2A3 /* AppDelegate.swift */,
				9F1629B325EB3A160031C2A3 /* SceneDelegate.swift */,
				9F6E841C25EB606A006D11E0 /* View */,
				9F1629C625EB47EB0031C2A3 /* Model */,
				9F1629B725EB3A170031C2A3 /* Assets.xcassets */,
				9F1629BC25EB3A170031C2A3 /* LaunchScreen.storyboard */,
				9F1629BF25EB3A170031C2A3 /* Info.plist */,
				9F1629B925EB3A170031C2A3 /* Preview Content */,
			);
			path = "Hacker News";
			sourceTree = "<group>";
		};
		9F1629B925EB3A170031C2A3 /* Preview Content */ = {
			isa = PBXGroup;
			children = (
				9F1629BA25EB3A170031C2A3 /* Preview Assets.xcassets */,
			);
			path = "Preview Content";
			sourceTree = "<group>";
		};
		9F1629C625EB47EB0031C2A3 /* Model */ = {
			isa = PBXGroup;
			children = (
				9F1629C725EB47FD0031C2A3 /* NetworkManager.swift */,
				9F1629CB25EB49770031C2A3 /* PostData.swift */,
			);
			path = Model;
			sourceTree = "<group>";
		};
		9F6E841C25EB606A006D11E0 /* View */ = {
			isa = PBXGroup;
			children = (
				9F1629B525EB3A160031C2A3 /* ContentView.swift */,
				9F6E841E25EB6074006D11E0 /* DetailView.swift */,
				9F6E842125EB667D006D11E0 /* WebView.swift */,
			);
			path = View;
			sourceTree = "<group>";
		};
/* End PBXGroup section */

/* Begin PBXNativeTarget section */
		9F1629AD25EB3A160031C2A3 /* Hacker News */ = {
			isa = PBXNativeTarget;
			buildConfigurationList = 9F1629C225EB3A170031C2A3 /* Build configuration list for PBXNativeTarget "Hacker News" */;
			buildPhases = (
				9F1629AA25EB3A160031C2A3 /* Sources */,
				9F1629AB25EB3A160031C2A3 /* Frameworks */,
				9F1629AC25EB3A160031C2A3 /* Resources */,
			);
			buildRules = (
			);
			dependencies = (
			);
			name = "Hacker News";
			productName = "Hacker News";
			productReference = 9F1629AE25EB3A160031C2A3 /* Hacker News.app */;
			productType = "com.apple.product-type.application";
		};
/* End PBXNativeTarget section */

/* Begin PBXProject section */
		9F1629A625EB3A160031C2A3 /* Project object */ = {
			isa = PBXProject;
			attributes = {
				LastSwiftUpdateCheck = 1240;
				LastUpgradeCheck = 1240;
				TargetAttributes = {
					9F1629AD25EB3A160031C2A3 = {
						CreatedOnToolsVersion = 12.4;
					};
				};
			};
			buildConfigurationList = 9F1629A925EB3A160031C2A3 /* Build configuration list for PBXProject "Hacker News" */;
			compatibilityVersion = "Xcode 9.3";
			developmentRegion = en;
			hasScannedForEncodings = 0;
			knownRegions = (
				en,
				Base,
			);
			mainGroup = 9F1629A525EB3A160031C2A3;
			productRefGroup = 9F1629AF25EB3A160031C2A3 /* Products */;
			projectDirPath = "";
			projectRoot = "";
			targets = (
				9F1629AD25EB3A160031C2A3 /* Hacker News */,
			);
		};
/* End PBXProject section */

/* Begin PBXResourcesBuildPhase section */
		9F1629AC25EB3A160031C2A3 /* Resources */ = {
			isa = PBXResourcesBuildPhase;
			buildActionMask = 2147483647;
			files = (
				9F1629BE25EB3A170031C2A3 /* LaunchScreen.storyboard in Resources */,
				9F1629BB25EB3A170031C2A3 /* Preview Assets.xcassets in Resources */,
				9F1629B825EB3A170031C2A3 /* Assets.xcassets in Resources */,
			);
			runOnlyForDeploymentPostprocessing = 0;
		};
/* End PBXResourcesBuildPhase section */

/* Begin PBXSourcesBuildPhase section */
		9F1629AA25EB3A160031C2A3 /* Sources */ = {
			isa = PBXSourcesBuildPhase;
			buildActionMask = 2147483647;
			files = (
				9F1629CC25EB49770031C2A3 /* PostData.swift in Sources */,
				9F6E841F25EB6074006D11E0 /* DetailView.swift in Sources */,
				9F1629C825EB47FD0031C2A3 /* NetworkManager.swift in Sources */,
				9F1629B225EB3A160031C2A3 /* AppDelegate.swift in Sources */,
				9F1629B425EB3A160031C2A3 /* SceneDelegate.swift in Sources */,
				9F1629B625EB3A160031C2A3 /* ContentView.swift in Sources */,
				9F6E842225EB667D006D11E0 /* WebView.swift in Sources */,
			);
			runOnlyForDeploymentPostprocessing = 0;
		};
/* End PBXSourcesBuildPhase section */

/* Begin PBXVariantGroup section */
		9F1629BC25EB3A170031C2A3 /* LaunchScreen.storyboard */ = {
			isa = PBXVariantGroup;
			children = (
				9F1629BD25EB3A170031C2A3 /* Base */,
			);
			name = LaunchScreen.storyboard;
			sourceTree = "<group>";
		};
/* End PBXVariantGroup section */

/* Begin XCBuildConfiguration section */
		9F1629C025EB3A170031C2A3 /* Debug */ = {
			isa = XCBuildConfiguration;
			buildSettings = {
				ALWAYS_SEARCH_USER_PATHS = NO;
				CLANG_ANALYZER_NONNULL = YES;
				CLANG_ANALYZER_NUMBER_OBJECT_CONVERSION = YES_AGGRESSIVE;
				CLANG_CXX_LANGUAGE_STANDARD = "gnu++14";
				CLANG_CXX_LIBRARY = "libc++";
				CLANG_ENABLE_MODULES = YES;
				CLANG_ENABLE_OBJC_ARC = YES;
				CLANG_ENABLE_OBJC_WEAK = YES;
				CLANG_WARN_BLOCK_CAPTURE_AUTORELEASING = YES;
				CLANG_WARN_BOOL_CONVERSION = YES;
				CLANG_WARN_COMMA = YES;
				CLANG_WARN_CONSTANT_CONVERSION = YES;
				CLANG_WARN_DEPRECATED_OBJC_IMPLEMENTATIONS = YES;
				CLANG_WARN_DIRECT_OBJC_ISA_USAGE = YES_ERROR;
				CLANG_WARN_DOCUMENTATION_COMMENTS = YES;
				CLANG_WARN_EMPTY_BODY = YES;
				CLANG_WARN_ENUM_CONVERSION = YES;
				CLANG_WARN_INFINITE_RECURSION = YES;
				CLANG_WARN_INT_CONVERSION = YES;
				CLANG_WARN_NON_LITERAL_NULL_CONVERSION = YES;
				CLANG_WARN_OBJC_IMPLICIT_RETAIN_SELF = YES;
				CLANG_WARN_OBJC_LITERAL_CONVERSION = YES;
				CLANG_WARN_OBJC_ROOT_CLASS = YES_ERROR;
				CLANG_WARN_QUOTED_INCLUDE_IN_FRAMEWORK_HEADER = YES;
				CLANG_WARN_RANGE_LOOP_ANALYSIS = YES;
				CLANG_WARN_STRICT_PROTOTYPES = YES;
				CLANG_WARN_SUSPICIOUS_MOVE = YES;
				CLANG_WARN_UNGUARDED_AVAILABILITY = YES_AGGRESSIVE;
				CLANG_WARN_UNREACHABLE_CODE = YES;
				CLANG_WARN__DUPLICATE_METHOD_MATCH = YES;
				COPY_PHASE_STRIP = NO;
				DEBUG_INFORMATION_FORMAT = dwarf;
				ENABLE_STRICT_OBJC_MSGSEND = YES;
				ENABLE_TESTABILITY = YES;
				GCC_C_LANGUAGE_STANDARD = gnu11;
				GCC_DYNAMIC_NO_PIC = NO;
				GCC_NO_COMMON_BLOCKS = YES;
				GCC_OPTIMIZATION_LEVEL = 0;
				GCC_PREPROCESSOR_DEFINITIONS = (
					"DEBUG=1",
					"$(inherited)",
				);
				GCC_WARN_64_TO_32_BIT_CONVERSION = YES;
				GCC_WARN_ABOUT_RETURN_TYPE = YES_ERROR;
				GCC_WARN_UNDECLARED_SELECTOR = YES;
				GCC_WARN_UNINITIALIZED_AUTOS = YES_AGGRESSIVE;
				GCC_WARN_UNUSED_FUNCTION = YES;
				GCC_WARN_UNUSED_VARIABLE = YES;
				IPHONEOS_DEPLOYMENT_TARGET = 14.4;
				MTL_ENABLE_DEBUG_INFO = INCLUDE_SOURCE;
				MTL_FAST_MATH = YES;
				ONLY_ACTIVE_ARCH = YES;
				SDKROOT = iphoneos;
				SWIFT_ACTIVE_COMPILATION_CONDITIONS = DEBUG;
				SWIFT_OPTIMIZATION_LEVEL = "-Onone";
			};
			name = Debug;
		};
		9F1629C125EB3A170031C2A3 /* Release */ = {
			isa = XCBuildConfiguration;
			buildSettings = {
				ALWAYS_SEARCH_USER_PATHS = NO;
				CLANG_ANALYZER_NONNULL = YES;
				CLANG_ANALYZER_NUMBER_OBJECT_CONVERSION = YES_AGGRESSIVE;
				CLANG_CXX_LANGUAGE_STANDARD = "gnu++14";
				CLANG_CXX_LIBRARY = "libc++";
				CLANG_ENABLE_MODULES = YES;
				CLANG_ENABLE_OBJC_ARC = YES;
				CLANG_ENABLE_OBJC_WEAK = YES;
				CLANG_WARN_BLOCK_CAPTURE_AUTORELEASING = YES;
				CLANG_WARN_BOOL_CONVERSION = YES;
				CLANG_WARN_COMMA = YES;
				CLANG_WARN_CONSTANT_CONVERSION = YES;
				CLANG_WARN_DEPRECATED_OBJC_IMPLEMENTATIONS = YES;
				CLANG_WARN_DIRECT_OBJC_ISA_USAGE = YES_ERROR;
				CLANG_WARN_DOCUMENTATION_COMMENTS = YES;
				CLANG_WARN_EMPTY_BODY = YES;
				CLANG_WARN_ENUM_CONVERSION = YES;
				CLANG_WARN_INFINITE_RECURSION = YES;
				CLANG_WARN_INT_CONVERSION = YES;
				CLANG_WARN_NON_LITERAL_NULL_CONVERSION = YES;
				CLANG_WARN_OBJC_IMPLICIT_RETAIN_SELF = YES;
				CLANG_WARN_OBJC_LITERAL_CONVERSION = YES;
				CLANG_WARN_OBJC_ROOT_CLASS = YES_ERROR;
				CLANG_WARN_QUOTED_INCLUDE_IN_FRAMEWORK_HEADER = YES;
				CLANG_WARN_RANGE_LOOP_ANALYSIS = YES;
				CLANG_WARN_STRICT_PROTOTYPES = YES;
				CLANG_WARN_SUSPICIOUS_MOVE = YES;
				CLANG_WARN_UNGUARDED_AVAILABILITY = YES_AGGRESSIVE;
				CLANG_WARN_UNREACHABLE_CODE = YES;
				CLANG_WARN__DUPLICATE_METHOD_MATCH = YES;
				COPY_PHASE_STRIP = NO;
				DEBUG_INFORMATION_FORMAT = "dwarf-with-dsym";
				ENABLE_NS_ASSERTIONS = NO;
				ENABLE_STRICT_OBJC_MSGSEND = YES;
				GCC_C_LANGUAGE_STANDARD = gnu11;
				GCC_NO_COMMON_BLOCKS = YES;
				GCC_WARN_64_TO_32_BIT_CONVERSION = YES;
				GCC_WARN_ABOUT_RETURN_TYPE = YES_ERROR;
				GCC_WARN_UNDECLARED_SELECTOR = YES;
				GCC_WARN_UNINITIALIZED_AUTOS = YES_AGGRESSIVE;
				GCC_WARN_UNUSED_FUNCTION = YES;
				GCC_WARN_UNUSED_VARIABLE = YES;
				IPHONEOS_DEPLOYMENT_TARGET = 14.4;
				MTL_ENABLE_DEBUG_INFO = NO;
				MTL_FAST_MATH = YES;
				SDKROOT = iphoneos;
				SWIFT_COMPILATION_MODE = wholemodule;
				SWIFT_OPTIMIZATION_LEVEL = "-O";
				VALIDATE_PRODUCT = YES;
			};
			name = Release;
		};
		9F1629C325EB3A170031C2A3 /* Debug */ = {
			isa = XCBuildConfiguration;
			buildSettings = {
				ASSETCATALOG_COMPILER_APPICON_NAME = AppIcon;
				ASSETCATALOG_COMPILER_GLOBAL_ACCENT_COLOR_NAME = AccentColor;
				CODE_SIGN_STYLE = Automatic;
				DEVELOPMENT_ASSET_PATHS = "\"Hacker News/Preview Content\"";
				DEVELOPMENT_TEAM = KL6VLPSW8Q;
				ENABLE_PREVIEWS = YES;
				INFOPLIST_FILE = "Hacker News/Info.plist";
				LD_RUNPATH_SEARCH_PATHS = (
					"$(inherited)",
					"@executable_path/Frameworks",
				);
				PRODUCT_BUNDLE_IDENTIFIER = "com.princealvinyusuf.Hacker-News";
				PRODUCT_NAME = "$(TARGET_NAME)";
				SWIFT_VERSION = 5.0;
				TARGETED_DEVICE_FAMILY = "1,2";
			};
			name = Debug;
		};
		9F1629C425EB3A170031C2A3 /* Release */ = {
			isa = XCBuildConfiguration;
			buildSettings = {
				ASSETCATALOG_COMPILER_APPICON_NAME = AppIcon;
				ASSETCATALOG_COMPILER_GLOBAL_ACCENT_COLOR_NAME = AccentColor;
				CODE_SIGN_STYLE = Automatic;
				DEVELOPMENT_ASSET_PATHS = "\"Hacker News/Preview Content\"";
				DEVELOPMENT_TEAM = KL6VLPSW8Q;
				ENABLE_PREVIEWS = YES;
				INFOPLIST_FILE = "Hacker News/Info.plist";
				LD_RUNPATH_SEARCH_PATHS = (
					"$(inherited)",
					"@executable_path/Frameworks",
				);
				PRODUCT_BUNDLE_IDENTIFIER = "com.princealvinyusuf.Hacker-News";
				PRODUCT_NAME = "$(TARGET_NAME)";
				SWIFT_VERSION = 5.0;
				TARGETED_DEVICE_FAMILY = "1,2";
			};
			name = Release;
		};
/* End XCBuildConfiguration section */

/* Begin XCConfigurationList section */
		9F1629A925EB3A160031C2A3 /* Build configuration list for PBXProject "Hacker News" */ = {
			isa = XCConfigurationList;
			buildConfigurations = (
				9F1629C025EB3A170031C2A3 /* Debug */,
				9F1629C125EB3A170031C2A3 /* Release */,
			);
			defaultConfigurationIsVisible = 0;
			defaultConfigurationName = Release;
		};
		9F1629C225EB3A170031C2A3 /* Build configuration list for PBXNativeTarget "Hacker News" */ = {
			isa = XCConfigurationList;
			buildConfigurations = (
				9F1629C325EB3A170031C2A3 /* Debug */,
				9F1629C425EB3A170031C2A3 /* Release */,
			);
			defaultConfigurationIsVisible = 0;
			defaultConfigurationName = Release;
		};
/* End XCConfigurationList section */
	};
	rootObject = 9F1629A625EB3A160031C2A3 /* Project object */;
}
